
Microsoft Visual Studio Solution File, Format Version 12.00
# Visual Studio Version 16
VisualStudioVersion = 16.0.31229.75
MinimumVisualStudioVersion = 10.0.40219.1
Project("{FAE04EC0-301F-11D3-BF4B-00C04F79EFBC}") = "HelloWorld", "HelloWorld\HelloWorld.csproj", "{A3BBCD01-CEBA-4636-A752-DA4DEA6E9529}"
EndProject
Project("{FAE04EC0-301F-11D3-BF4B-00C04F79EFBC}") = "ConsoleAppDotNetFW", "ConsoleAppDotNetFW\ConsoleAppDotNetFW.csproj", "{9F5EE5CA-DF98-4DF7-86AB-25CA341112A5}"
EndProject
Project("{FAE04EC0-301F-11D3-BF4B-00C04F79EFBC}") = "TAService", "TAService\TAService.csproj", "{B3A4480E-A3A8-4A4D-BBDF-0AF09CDEB319}"
EndProject
Project("{FAE04EC0-301F-11D3-BF4B-00C04F79EFBC}") = "AutoTintLibrary", "AutoTintLibrary\AutoTintLibrary.csproj", "{A26B2C26-B7C8-4C61-AD41-A34C0DD46F86}"
EndProject
Project("{930C7802-8A8C-48F9-8165-68863BCCD9DD}") = "SetupProject", "SetupProject\SetupProject.wixproj", "{0A600287-1CB3-4B6B-B98B-7A0C1F160CC4}"
EndProject
Project("{FAE04EC0-301F-11D3-BF4B-00C04F79EFBC}") = "PropertySetupAction", "PropertySetupAction\PropertySetupAction.csproj", "{FDBA7C5B-E23F-4F5B-AD56-8B6F5AAC12A9}"
EndProject
Project("{FAE04EC0-301F-11D3-BF4B-00C04F79EFBC}") = "StandaloneConverterApp", "StandaloneConverterApp\StandaloneConverterApp.csproj", "{764C4916-9C93-41D8-AB68-779DEDFD91AE}"
EndProject
Global
	GlobalSection(SolutionConfigurationPlatforms) = preSolution
		Debug|Any CPU = Debug|Any CPU
		Debug|x86 = Debug|x86
		Release|Any CPU = Release|Any CPU
		Release|x86 = Release|x86
	EndGlobalSection
	GlobalSection(ProjectConfigurationPlatforms) = postSolution
		{A3BBCD01-CEBA-4636-A752-DA4DEA6E9529}.Debug|Any CPU.ActiveCfg = Debug|Any CPU
		{A3BBCD01-CEBA-4636-A752-DA4DEA6E9529}.Debug|Any CPU.Build.0 = Debug|Any CPU
		{A3BBCD01-CEBA-4636-A752-DA4DEA6E9529}.Debug|x86.ActiveCfg = Debug|Any CPU
		{A3BBCD01-CEBA-4636-A752-DA4DEA6E9529}.Debug|x86.Build.0 = Debug|Any CPU
		{A3BBCD01-CEBA-4636-A752-DA4DEA6E9529}.Release|Any CPU.ActiveCfg = Release|Any CPU
		{A3BBCD01-CEBA-4636-A752-DA4DEA6E9529}.Release|Any CPU.Build.0 = Release|Any CPU
		{A3BBCD01-CEBA-4636-A752-DA4DEA6E9529}.Release|x86.ActiveCfg = Release|Any CPU
		{A3BBCD01-CEBA-4636-A752-DA4DEA6E9529}.Release|x86.Build.0 = Release|Any CPU
		{9F5EE5CA-DF98-4DF7-86AB-25CA341112A5}.Debug|Any CPU.ActiveCfg = Debug|Any CPU
		{9F5EE5CA-DF98-4DF7-86AB-25CA341112A5}.Debug|Any CPU.Build.0 = Debug|Any CPU
		{9F5EE5CA-DF98-4DF7-86AB-25CA341112A5}.Debug|x86.ActiveCfg = Debug|Any CPU
		{9F5EE5CA-DF98-4DF7-86AB-25CA341112A5}.Debug|x86.Build.0 = Debug|Any CPU
		{9F5EE5CA-DF98-4DF7-86AB-25CA341112A5}.Release|Any CPU.ActiveCfg = Release|Any CPU
		{9F5EE5CA-DF98-4DF7-86AB-25CA341112A5}.Release|Any CPU.Build.0 = Release|Any CPU
		{9F5EE5CA-DF98-4DF7-86AB-25CA341112A5}.Release|x86.ActiveCfg = Release|Any CPU
		{9F5EE5CA-DF98-4DF7-86AB-25CA341112A5}.Release|x86.Build.0 = Release|Any CPU
		{B3A4480E-A3A8-4A4D-BBDF-0AF09CDEB319}.Debug|Any CPU.ActiveCfg = Debug|Any CPU
		{B3A4480E-A3A8-4A4D-BBDF-0AF09CDEB319}.Debug|Any CPU.Build.0 = Debug|Any CPU
		{B3A4480E-A3A8-4A4D-BBDF-0AF09CDEB319}.Debug|x86.ActiveCfg = Debug|Any CPU
		{B3A4480E-A3A8-4A4D-BBDF-0AF09CDEB319}.Debug|x86.Build.0 = Debug|Any CPU
		{B3A4480E-A3A8-4A4D-BBDF-0AF09CDEB319}.Release|Any CPU.ActiveCfg = Release|Any CPU
		{B3A4480E-A3A8-4A4D-BBDF-0AF09CDEB319}.Release|Any CPU.Build.0 = Release|Any CPU
		{B3A4480E-A3A8-4A4D-BBDF-0AF09CDEB319}.Release|x86.ActiveCfg = Release|Any CPU
		{B3A4480E-A3A8-4A4D-BBDF-0AF09CDEB319}.Release|x86.Build.0 = Release|Any CPU
		{A26B2C26-B7C8-4C61-AD41-A34C0DD46F86}.Debug|Any CPU.ActiveCfg = Debug|Any CPU
		{A26B2C26-B7C8-4C61-AD41-A34C0DD46F86}.Debug|Any CPU.Build.0 = Debug|Any CPU
		{A26B2C26-B7C8-4C61-AD41-A34C0DD46F86}.Debug|x86.ActiveCfg = Debug|Any CPU
		{A26B2C26-B7C8-4C61-AD41-A34C0DD46F86}.Debug|x86.Build.0 = Debug|Any CPU
		{A26B2C26-B7C8-4C61-AD41-A34C0DD46F86}.Release|Any CPU.ActiveCfg = Release|Any CPU
		{A26B2C26-B7C8-4C61-AD41-A34C0DD46F86}.Release|Any CPU.Build.0 = Release|Any CPU
		{A26B2C26-B7C8-4C61-AD41-A34C0DD46F86}.Release|x86.ActiveCfg = Release|Any CPU
		{A26B2C26-B7C8-4C61-AD41-A34C0DD46F86}.Release|x86.Build.0 = Release|Any CPU
		{0A600287-1CB3-4B6B-B98B-7A0C1F160CC4}.Debug|Any CPU.ActiveCfg = Debug|x86
		{0A600287-1CB3-4B6B-B98B-7A0C1F160CC4}.Debug|x86.ActiveCfg = Debug|x86
		{0A600287-1CB3-4B6B-B98B-7A0C1F160CC4}.Debug|x86.Build.0 = Debug|x86
		{0A600287-1CB3-4B6B-B98B-7A0C1F160CC4}.Release|Any CPU.ActiveCfg = Release|x86
		{0A600287-1CB3-4B6B-B98B-7A0C1F160CC4}.Release|x86.ActiveCfg = Release|x86
		{0A600287-1CB3-4B6B-B98B-7A0C1F160CC4}.Release|x86.Build.0 = Release|x86
		{FDBA7C5B-E23F-4F5B-AD56-8B6F5AAC12A9}.Debug|Any CPU.ActiveCfg = Debug|x86
		{FDBA7C5B-E23F-4F5B-AD56-8B6F5AAC12A9}.Debug|x86.ActiveCfg = Debug|x86
		{FDBA7C5B-E23F-4F5B-AD56-8B6F5AAC12A9}.Debug|x86.Build.0 = Debug|x86
		{FDBA7C5B-E23F-4F5B-AD56-8B6F5AAC12A9}.Release|Any CPU.ActiveCfg = Release|x86
		{FDBA7C5B-E23F-4F5B-AD56-8B6F5AAC12A9}.Release|x86.ActiveCfg = Release|x86
		{FDBA7C5B-E23F-4F5B-AD56-8B6F5AAC12A9}.Release|x86.Build.0 = Release|x86
		{764C4916-9C93-41D8-AB68-779DEDFD91AE}.Debug|Any CPU.ActiveCfg = Debug|Any CPU
		{764C4916-9C93-41D8-AB68-779DEDFD91AE}.Debug|Any CPU.Build.0 = Debug|Any CPU
		{764C4916-9C93-41D8-AB68-779DEDFD91AE}.Debug|x86.ActiveCfg = Debug|Any CPU
		{764C4916-9C93-41D8-AB68-779DEDFD91AE}.Debug|x86.Build.0 = Debug|Any CPU
		{764C4916-9C93-41D8-AB68-779DEDFD91AE}.Release|Any CPU.ActiveCfg = Release|Any CPU
		{764C4916-9C93-41D8-AB68-779DEDFD91AE}.Release|Any CPU.Build.0 = Release|Any CPU
		{764C4916-9C93-41D8-AB68-779DEDFD91AE}.Release|x86.ActiveCfg = Release|Any CPU
		{764C4916-9C93-41D8-AB68-779DEDFD91AE}.Release|x86.Build.0 = Release|Any CPU
	EndGlobalSection
	GlobalSection(SolutionProperties) = preSolution
		HideSolutionNode = FALSE
	EndGlobalSection
	GlobalSection(ExtensibilityGlobals) = postSolution
		SolutionGuid = {F1BD71ED-E521-42EB-A4A6-F99A0A227EE4}
	EndGlobalSection
EndGlobal
